// !$*UTF8*$!
{
	archiveVersion = 1;
	classes = {
	};
	objectVersion = 56;
	objects = {

/* Begin PBXBuildFile section */
		6E096CD42B90045600750309 /* PaddingLabel.swift in Sources */ = {isa = PBXBuildFile; fileRef = 6E096CD32B90045600750309 /* PaddingLabel.swift */; };
		6E096CD62B9006D000750309 /* PortfolioViewModel.swift in Sources */ = {isa = PBXBuildFile; fileRef = 6E096CD52B9006D000750309 /* PortfolioViewModel.swift */; };
		6E096D042B903EDF00750309 /* FakeCoinRepository.swift in Sources */ = {isa = PBXBuildFile; fileRef = 6E096D032B903EDF00750309 /* FakeCoinRepository.swift */; };
		6E096D052B9041A800750309 /* MarketCoin.json in Resources */ = {isa = PBXBuildFile; fileRef = 6E096D022B9020A400750309 /* MarketCoin.json */; };
		6E16E4F22B8DF12200C436CF /* KazUtility in Frameworks */ = {isa = PBXBuildFile; productRef = 6E16E4F12B8DF12200C436CF /* KazUtility */; };
		6E16E4F62B8DF1A500C436CF /* KazRealm in Frameworks */ = {isa = PBXBuildFile; productRef = 6E16E4F52B8DF1A500C436CF /* KazRealm */; };
		6E16E4F92B8DF1B600C436CF /* SnapKit in Frameworks */ = {isa = PBXBuildFile; productRef = 6E16E4F82B8DF1B600C436CF /* SnapKit */; };
		6E16E4FC2B8DF1C500C436CF /* Toast in Frameworks */ = {isa = PBXBuildFile; productRef = 6E16E4FB2B8DF1C500C436CF /* Toast */; };
		6E16E4FF2B8DF1D800C436CF /* Kingfisher in Frameworks */ = {isa = PBXBuildFile; productRef = 6E16E4FE2B8DF1D800C436CF /* Kingfisher */; };
		6E16E5012B8DF35A00C436CF /* Coin.swift in Sources */ = {isa = PBXBuildFile; fileRef = 6E16E5002B8DF35A00C436CF /* Coin.swift */; };
		6E16E5042B8E2B6B00C436CF /* KazAlamofire in Frameworks */ = {isa = PBXBuildFile; productRef = 6E16E5032B8E2B6B00C436CF /* KazAlamofire */; };
		6E16E5082B8E35F300C436CF /* CoinRepository.swift in Sources */ = {isa = PBXBuildFile; fileRef = 6E16E5072B8E35F300C436CF /* CoinRepository.swift */; };
		6E16E50A2B8E363200C436CF /* LiveCoinRepository.swift in Sources */ = {isa = PBXBuildFile; fileRef = 6E16E5092B8E363200C436CF /* LiveCoinRepository.swift */; };
		6E16E50D2B8E371100C436CF /* AFError+.swift in Sources */ = {isa = PBXBuildFile; fileRef = 6E16E50C2B8E371100C436CF /* AFError+.swift */; };
		6E16E50F2B8E3C1C00C436CF /* LiveTrendRepository.swift in Sources */ = {isa = PBXBuildFile; fileRef = 6E16E50E2B8E3C1C00C436CF /* LiveTrendRepository.swift */; };
		6E16E5112B8E3C8900C436CF /* TrendRepository.swift in Sources */ = {isa = PBXBuildFile; fileRef = 6E16E5102B8E3C8900C436CF /* TrendRepository.swift */; };
		6E16E5142B8E3E7900C436CF /* AppCoordinator.swift in Sources */ = {isa = PBXBuildFile; fileRef = 6E16E5132B8E3E7900C436CF /* AppCoordinator.swift */; };
		6E16E5182B8E3FA800C436CF /* MainTabBarCoordinator.swift in Sources */ = {isa = PBXBuildFile; fileRef = 6E16E5172B8E3FA800C436CF /* MainTabBarCoordinator.swift */; };
		6E16E51A2B8E3FCD00C436CF /* MainTabBarPage.swift in Sources */ = {isa = PBXBuildFile; fileRef = 6E16E5192B8E3FCD00C436CF /* MainTabBarPage.swift */; };
		6E16E5222B8E429600C436CF /* TrendCoordinator.swift in Sources */ = {isa = PBXBuildFile; fileRef = 6E16E5212B8E429600C436CF /* TrendCoordinator.swift */; };
		6E16E5252B8E42EF00C436CF /* SearchCoordinator.swift in Sources */ = {isa = PBXBuildFile; fileRef = 6E16E5242B8E42EF00C436CF /* SearchCoordinator.swift */; };
		6E16E5282B8E430800C436CF /* PortfolioCoordinator.swift in Sources */ = {isa = PBXBuildFile; fileRef = 6E16E5272B8E430800C436CF /* PortfolioCoordinator.swift */; };
		6E16E52B2B8E432D00C436CF /* UserCoordinator.swift in Sources */ = {isa = PBXBuildFile; fileRef = 6E16E52A2B8E432D00C436CF /* UserCoordinator.swift */; };
		6E16E52F2B8EB6EC00C436CF /* UINavigationController+.swift in Sources */ = {isa = PBXBuildFile; fileRef = 6E16E52E2B8EB6EC00C436CF /* UINavigationController+.swift */; };
		6E16E5312B8EBA6100C436CF /* SearchViewController.swift in Sources */ = {isa = PBXBuildFile; fileRef = 6E16E5302B8EBA6100C436CF /* SearchViewController.swift */; };
		6E16E5332B8EBA7000C436CF /* SearchViewModel.swift in Sources */ = {isa = PBXBuildFile; fileRef = 6E16E5322B8EBA7000C436CF /* SearchViewModel.swift */; };
		6E16E5452B8ED8ED00C436CF /* SearchTableViewCell.swift in Sources */ = {isa = PBXBuildFile; fileRef = 6E16E5442B8ED8ED00C436CF /* SearchTableViewCell.swift */; };
		6E16E5572B8F24B700C436CF /* CoinRouter.swift in Sources */ = {isa = PBXBuildFile; fileRef = 6E16E5562B8F24B700C436CF /* CoinRouter.swift */; };
		6E16E55B2B8F31CE00C436CF /* RealmCoin.swift in Sources */ = {isa = PBXBuildFile; fileRef = 6E16E55A2B8F31CE00C436CF /* RealmCoin.swift */; };
		6E16E55D2B8F33F600C436CF /* RealmError+.swift in Sources */ = {isa = PBXBuildFile; fileRef = 6E16E55C2B8F33F500C436CF /* RealmError+.swift */; };
		6E16E55F2B8F43B300C436CF /* InterestRepository.swift in Sources */ = {isa = PBXBuildFile; fileRef = 6E16E55E2B8F43B300C436CF /* InterestRepository.swift */; };
		6E16E5612B8F43FE00C436CF /* LiveInterestRepository.swift in Sources */ = {isa = PBXBuildFile; fileRef = 6E16E5602B8F43FE00C436CF /* LiveInterestRepository.swift */; };
		6E16E5632B8F44D700C436CF /* NFTDTO.swift in Sources */ = {isa = PBXBuildFile; fileRef = 6E16E5622B8F44D700C436CF /* NFTDTO.swift */; };
		6E16E5652B8F44F200C436CF /* NFT.swift in Sources */ = {isa = PBXBuildFile; fileRef = 6E16E5642B8F44F200C436CF /* NFT.swift */; };
		6E16E5672B8F457B00C436CF /* CoinMapper.swift in Sources */ = {isa = PBXBuildFile; fileRef = 6E16E5662B8F457B00C436CF /* CoinMapper.swift */; };
		6E16E56A2B8F536900C436CF /* CoinError.swift in Sources */ = {isa = PBXBuildFile; fileRef = 6E16E5692B8F536900C436CF /* CoinError.swift */; };
		6E16E56C2B8F5B0200C436CF /* String+.swift in Sources */ = {isa = PBXBuildFile; fileRef = 6E16E56B2B8F5B0200C436CF /* String+.swift */; };
		6E16E56E2B8F5C2500C436CF /* PortfolioViewController.swift in Sources */ = {isa = PBXBuildFile; fileRef = 6E16E56D2B8F5C2500C436CF /* PortfolioViewController.swift */; };
		6E16E5702B8F5CC000C436CF /* PortfolioCollectionViewCell.swift in Sources */ = {isa = PBXBuildFile; fileRef = 6E16E56F2B8F5CC000C436CF /* PortfolioCollectionViewCell.swift */; };
		6E16E5722B8F601B00C436CF /* NumberFormatManager.swift in Sources */ = {isa = PBXBuildFile; fileRef = 6E16E5712B8F601B00C436CF /* NumberFormatManager.swift */; };
		6E4711D42B8DB3EB00AF0AD8 /* CoinDesignSystem.h in Headers */ = {isa = PBXBuildFile; fileRef = 6E4711D32B8DB3EB00AF0AD8 /* CoinDesignSystem.h */; settings = {ATTRIBUTES = (Public, ); }; };
		6E4711D72B8DB3EB00AF0AD8 /* CoinDesignSystem.framework in Frameworks */ = {isa = PBXBuildFile; fileRef = 6E4711D12B8DB3EB00AF0AD8 /* CoinDesignSystem.framework */; };
		6E4711D82B8DB3EB00AF0AD8 /* CoinDesignSystem.framework in Embed Frameworks */ = {isa = PBXBuildFile; fileRef = 6E4711D12B8DB3EB00AF0AD8 /* CoinDesignSystem.framework */; settings = {ATTRIBUTES = (CodeSignOnCopy, RemoveHeadersOnCopy, ); }; };
		6E4711DF2B8DB3FC00AF0AD8 /* UIColor+.swift in Sources */ = {isa = PBXBuildFile; fileRef = 6E4711DE2B8DB3FC00AF0AD8 /* UIColor+.swift */; };
		6E4711E12B8DBC4F00AF0AD8 /* KazCoinAsset.swift in Sources */ = {isa = PBXBuildFile; fileRef = 6E4711E02B8DBC4F00AF0AD8 /* KazCoinAsset.swift */; };
		6E4711E82B8DCA1500AF0AD8 /* TrendDTO.swift in Sources */ = {isa = PBXBuildFile; fileRef = 6E4711E72B8DCA1500AF0AD8 /* TrendDTO.swift */; };
		6E4711EA2B8DDFE100AF0AD8 /* CoinDTO.swift in Sources */ = {isa = PBXBuildFile; fileRef = 6E4711E92B8DDFE100AF0AD8 /* CoinDTO.swift */; };
		6E4711EF2B8DE87900AF0AD8 /* Trend.swift in Sources */ = {isa = PBXBuildFile; fileRef = 6E4711EE2B8DE87900AF0AD8 /* Trend.swift */; };
		6E5590762B95028300774187 /* UserViewController.swift in Sources */ = {isa = PBXBuildFile; fileRef = 6E5590752B95028300774187 /* UserViewController.swift */; };
		6E5590782B9502D600774187 /* UserViewModel.swift in Sources */ = {isa = PBXBuildFile; fileRef = 6E5590772B9502D600774187 /* UserViewModel.swift */; };
		6E68F9792B90525500A1C218 /* SearchCoin.json in Resources */ = {isa = PBXBuildFile; fileRef = 6E68F9782B90520000A1C218 /* SearchCoin.json */; };
		6E68F97B2B9058F800A1C218 /* Configurator+.swift in Sources */ = {isa = PBXBuildFile; fileRef = 6E68F97A2B9058F800A1C218 /* Configurator+.swift */; };
		6E68F97E2B90636A00A1C218 /* ChartViewController.swift in Sources */ = {isa = PBXBuildFile; fileRef = 6E68F97D2B90636A00A1C218 /* ChartViewController.swift */; };
		6E68F9802B90716B00A1C218 /* Int+.swift in Sources */ = {isa = PBXBuildFile; fileRef = 6E68F97F2B90716B00A1C218 /* Int+.swift */; };
		6E68F9822B9074EF00A1C218 /* Double+.swift in Sources */ = {isa = PBXBuildFile; fileRef = 6E68F9812B9074EF00A1C218 /* Double+.swift */; };
		6E68F9842B9099F200A1C218 /* ChartViewModel.swift in Sources */ = {isa = PBXBuildFile; fileRef = 6E68F9832B9099F200A1C218 /* ChartViewModel.swift */; };
		6E68F9872B9099FB00A1C218 /* ChartCoordinator.swift in Sources */ = {isa = PBXBuildFile; fileRef = 6E68F9862B9099FB00A1C218 /* ChartCoordinator.swift */; };
		6E68F9892B90ACC500A1C218 /* ChartView.swift in Sources */ = {isa = PBXBuildFile; fileRef = 6E68F9882B90ACC500A1C218 /* ChartView.swift */; };
		6E68F98C2B90AD4300A1C218 /* DGCharts in Frameworks */ = {isa = PBXBuildFile; productRef = 6E68F98B2B90AD4300A1C218 /* DGCharts */; };
		6E68F98F2B9269EB00A1C218 /* TrendViewController.swift in Sources */ = {isa = PBXBuildFile; fileRef = 6E68F98E2B9269EB00A1C218 /* TrendViewController.swift */; };
		6E68F9912B92734200A1C218 /* TrendViewModel.swift in Sources */ = {isa = PBXBuildFile; fileRef = 6E68F9902B92734200A1C218 /* TrendViewModel.swift */; };
		6E68F9952B92FE3200A1C218 /* NSCollectionLayoutSection.swift in Sources */ = {isa = PBXBuildFile; fileRef = 6E68F9942B92FE3200A1C218 /* NSCollectionLayoutSection.swift */; };
		6E68F9972B9302C100A1C218 /* TrendCollectionHeaderView.swift in Sources */ = {isa = PBXBuildFile; fileRef = 6E68F9962B9302C100A1C218 /* TrendCollectionHeaderView.swift */; };
		6E68F99C2B936F1500A1C218 /* TrendInterestCoinCollectionCell.swift in Sources */ = {isa = PBXBuildFile; fileRef = 6E68F99B2B936F1500A1C218 /* TrendInterestCoinCollectionCell.swift */; };
		6E68F99F2B94912900A1C218 /* Constant.swift in Sources */ = {isa = PBXBuildFile; fileRef = 6E68F99E2B94912900A1C218 /* Constant.swift */; };
		6E68F9A12B9494B200A1C218 /* TrendTopCollectionCell.swift in Sources */ = {isa = PBXBuildFile; fileRef = 6E68F9A02B9494B200A1C218 /* TrendTopCollectionCell.swift */; };
		6EE8AF252B8DAAFF004162F3 /* AppDelegate.swift in Sources */ = {isa = PBXBuildFile; fileRef = 6EE8AF242B8DAAFF004162F3 /* AppDelegate.swift */; };
		6EE8AF272B8DAAFF004162F3 /* SceneDelegate.swift in Sources */ = {isa = PBXBuildFile; fileRef = 6EE8AF262B8DAAFF004162F3 /* SceneDelegate.swift */; };
		6EE8AF2E2B8DAB01004162F3 /* Assets.xcassets in Resources */ = {isa = PBXBuildFile; fileRef = 6EE8AF2D2B8DAB01004162F3 /* Assets.xcassets */; };
		6EE8AF312B8DAB01004162F3 /* LaunchScreen.storyboard in Resources */ = {isa = PBXBuildFile; fileRef = 6EE8AF2F2B8DAB01004162F3 /* LaunchScreen.storyboard */; };
/* End PBXBuildFile section */

/* Begin PBXContainerItemProxy section */
		6E4711D52B8DB3EB00AF0AD8 /* PBXContainerItemProxy */ = {
			isa = PBXContainerItemProxy;
			containerPortal = 6EE8AF192B8DAAFF004162F3 /* Project object */;
			proxyType = 1;
			remoteGlobalIDString = 6E4711D02B8DB3EB00AF0AD8;
			remoteInfo = CoinDesignSystem;
		};
/* End PBXContainerItemProxy section */

/* Begin PBXCopyFilesBuildPhase section */
		6E4711DC2B8DB3EB00AF0AD8 /* Embed Frameworks */ = {
			isa = PBXCopyFilesBuildPhase;
			buildActionMask = 2147483647;
			dstPath = "";
			dstSubfolderSpec = 10;
			files = (
				6E4711D82B8DB3EB00AF0AD8 /* CoinDesignSystem.framework in Embed Frameworks */,
			);
			name = "Embed Frameworks";
			runOnlyForDeploymentPostprocessing = 0;
		};
/* End PBXCopyFilesBuildPhase section */

/* Begin PBXFileReference section */
		6E096CD32B90045600750309 /* PaddingLabel.swift */ = {isa = PBXFileReference; lastKnownFileType = sourcecode.swift; path = PaddingLabel.swift; sourceTree = "<group>"; };
		6E096CD52B9006D000750309 /* PortfolioViewModel.swift */ = {isa = PBXFileReference; lastKnownFileType = sourcecode.swift; path = PortfolioViewModel.swift; sourceTree = "<group>"; };
		6E096D022B9020A400750309 /* MarketCoin.json */ = {isa = PBXFileReference; lastKnownFileType = text.json; path = MarketCoin.json; sourceTree = "<group>"; };
		6E096D032B903EDF00750309 /* FakeCoinRepository.swift */ = {isa = PBXFileReference; lastKnownFileType = sourcecode.swift; path = FakeCoinRepository.swift; sourceTree = "<group>"; };
		6E16E5002B8DF35A00C436CF /* Coin.swift */ = {isa = PBXFileReference; lastKnownFileType = sourcecode.swift; path = Coin.swift; sourceTree = "<group>"; };
		6E16E5072B8E35F300C436CF /* CoinRepository.swift */ = {isa = PBXFileReference; lastKnownFileType = sourcecode.swift; path = CoinRepository.swift; sourceTree = "<group>"; };
		6E16E5092B8E363200C436CF /* LiveCoinRepository.swift */ = {isa = PBXFileReference; lastKnownFileType = sourcecode.swift; path = LiveCoinRepository.swift; sourceTree = "<group>"; };
		6E16E50C2B8E371100C436CF /* AFError+.swift */ = {isa = PBXFileReference; lastKnownFileType = sourcecode.swift; path = "AFError+.swift"; sourceTree = "<group>"; };
		6E16E50E2B8E3C1C00C436CF /* LiveTrendRepository.swift */ = {isa = PBXFileReference; lastKnownFileType = sourcecode.swift; path = LiveTrendRepository.swift; sourceTree = "<group>"; };
		6E16E5102B8E3C8900C436CF /* TrendRepository.swift */ = {isa = PBXFileReference; lastKnownFileType = sourcecode.swift; path = TrendRepository.swift; sourceTree = "<group>"; };
		6E16E5132B8E3E7900C436CF /* AppCoordinator.swift */ = {isa = PBXFileReference; lastKnownFileType = sourcecode.swift; path = AppCoordinator.swift; sourceTree = "<group>"; };
		6E16E5172B8E3FA800C436CF /* MainTabBarCoordinator.swift */ = {isa = PBXFileReference; lastKnownFileType = sourcecode.swift; path = MainTabBarCoordinator.swift; sourceTree = "<group>"; };
		6E16E5192B8E3FCD00C436CF /* MainTabBarPage.swift */ = {isa = PBXFileReference; lastKnownFileType = sourcecode.swift; path = MainTabBarPage.swift; sourceTree = "<group>"; };
		6E16E5212B8E429600C436CF /* TrendCoordinator.swift */ = {isa = PBXFileReference; lastKnownFileType = sourcecode.swift; path = TrendCoordinator.swift; sourceTree = "<group>"; };
		6E16E5242B8E42EF00C436CF /* SearchCoordinator.swift */ = {isa = PBXFileReference; lastKnownFileType = sourcecode.swift; path = SearchCoordinator.swift; sourceTree = "<group>"; };
		6E16E5272B8E430800C436CF /* PortfolioCoordinator.swift */ = {isa = PBXFileReference; lastKnownFileType = sourcecode.swift; path = PortfolioCoordinator.swift; sourceTree = "<group>"; };
		6E16E52A2B8E432D00C436CF /* UserCoordinator.swift */ = {isa = PBXFileReference; lastKnownFileType = sourcecode.swift; path = UserCoordinator.swift; sourceTree = "<group>"; };
		6E16E52E2B8EB6EC00C436CF /* UINavigationController+.swift */ = {isa = PBXFileReference; lastKnownFileType = sourcecode.swift; path = "UINavigationController+.swift"; sourceTree = "<group>"; };
		6E16E5302B8EBA6100C436CF /* SearchViewController.swift */ = {isa = PBXFileReference; lastKnownFileType = sourcecode.swift; path = SearchViewController.swift; sourceTree = "<group>"; };
		6E16E5322B8EBA7000C436CF /* SearchViewModel.swift */ = {isa = PBXFileReference; lastKnownFileType = sourcecode.swift; path = SearchViewModel.swift; sourceTree = "<group>"; };
		6E16E5442B8ED8ED00C436CF /* SearchTableViewCell.swift */ = {isa = PBXFileReference; lastKnownFileType = sourcecode.swift; path = SearchTableViewCell.swift; sourceTree = "<group>"; };
		6E16E5562B8F24B700C436CF /* CoinRouter.swift */ = {isa = PBXFileReference; lastKnownFileType = sourcecode.swift; path = CoinRouter.swift; sourceTree = "<group>"; };
		6E16E55A2B8F31CE00C436CF /* RealmCoin.swift */ = {isa = PBXFileReference; lastKnownFileType = sourcecode.swift; path = RealmCoin.swift; sourceTree = "<group>"; };
		6E16E55C2B8F33F500C436CF /* RealmError+.swift */ = {isa = PBXFileReference; lastKnownFileType = sourcecode.swift; path = "RealmError+.swift"; sourceTree = "<group>"; };
		6E16E55E2B8F43B300C436CF /* InterestRepository.swift */ = {isa = PBXFileReference; lastKnownFileType = sourcecode.swift; path = InterestRepository.swift; sourceTree = "<group>"; };
		6E16E5602B8F43FE00C436CF /* LiveInterestRepository.swift */ = {isa = PBXFileReference; lastKnownFileType = sourcecode.swift; path = LiveInterestRepository.swift; sourceTree = "<group>"; };
		6E16E5622B8F44D700C436CF /* NFTDTO.swift */ = {isa = PBXFileReference; lastKnownFileType = sourcecode.swift; path = NFTDTO.swift; sourceTree = "<group>"; };
		6E16E5642B8F44F200C436CF /* NFT.swift */ = {isa = PBXFileReference; lastKnownFileType = sourcecode.swift; path = NFT.swift; sourceTree = "<group>"; };
		6E16E5662B8F457B00C436CF /* CoinMapper.swift */ = {isa = PBXFileReference; lastKnownFileType = sourcecode.swift; path = CoinMapper.swift; sourceTree = "<group>"; };
		6E16E5692B8F536900C436CF /* CoinError.swift */ = {isa = PBXFileReference; lastKnownFileType = sourcecode.swift; path = CoinError.swift; sourceTree = "<group>"; };
		6E16E56B2B8F5B0200C436CF /* String+.swift */ = {isa = PBXFileReference; lastKnownFileType = sourcecode.swift; path = "String+.swift"; sourceTree = "<group>"; };
		6E16E56D2B8F5C2500C436CF /* PortfolioViewController.swift */ = {isa = PBXFileReference; lastKnownFileType = sourcecode.swift; path = PortfolioViewController.swift; sourceTree = "<group>"; };
		6E16E56F2B8F5CC000C436CF /* PortfolioCollectionViewCell.swift */ = {isa = PBXFileReference; lastKnownFileType = sourcecode.swift; path = PortfolioCollectionViewCell.swift; sourceTree = "<group>"; };
		6E16E5712B8F601B00C436CF /* NumberFormatManager.swift */ = {isa = PBXFileReference; lastKnownFileType = sourcecode.swift; path = NumberFormatManager.swift; sourceTree = "<group>"; };
		6E4711D12B8DB3EB00AF0AD8 /* CoinDesignSystem.framework */ = {isa = PBXFileReference; explicitFileType = wrapper.framework; includeInIndex = 0; path = CoinDesignSystem.framework; sourceTree = BUILT_PRODUCTS_DIR; };
		6E4711D32B8DB3EB00AF0AD8 /* CoinDesignSystem.h */ = {isa = PBXFileReference; lastKnownFileType = sourcecode.c.h; path = CoinDesignSystem.h; sourceTree = "<group>"; };
		6E4711DE2B8DB3FC00AF0AD8 /* UIColor+.swift */ = {isa = PBXFileReference; lastKnownFileType = sourcecode.swift; path = "UIColor+.swift"; sourceTree = "<group>"; };
		6E4711E02B8DBC4F00AF0AD8 /* KazCoinAsset.swift */ = {isa = PBXFileReference; lastKnownFileType = sourcecode.swift; path = KazCoinAsset.swift; sourceTree = "<group>"; };
		6E4711E72B8DCA1500AF0AD8 /* TrendDTO.swift */ = {isa = PBXFileReference; lastKnownFileType = sourcecode.swift; path = TrendDTO.swift; sourceTree = "<group>"; };
		6E4711E92B8DDFE100AF0AD8 /* CoinDTO.swift */ = {isa = PBXFileReference; lastKnownFileType = sourcecode.swift; path = CoinDTO.swift; sourceTree = "<group>"; };
		6E4711EE2B8DE87900AF0AD8 /* Trend.swift */ = {isa = PBXFileReference; lastKnownFileType = sourcecode.swift; path = Trend.swift; sourceTree = "<group>"; };
		6E5590752B95028300774187 /* UserViewController.swift */ = {isa = PBXFileReference; lastKnownFileType = sourcecode.swift; path = UserViewController.swift; sourceTree = "<group>"; };
		6E5590772B9502D600774187 /* UserViewModel.swift */ = {isa = PBXFileReference; lastKnownFileType = sourcecode.swift; path = UserViewModel.swift; sourceTree = "<group>"; };
		6E68F9782B90520000A1C218 /* SearchCoin.json */ = {isa = PBXFileReference; lastKnownFileType = text.json; path = SearchCoin.json; sourceTree = "<group>"; };
		6E68F97A2B9058F800A1C218 /* Configurator+.swift */ = {isa = PBXFileReference; lastKnownFileType = sourcecode.swift; path = "Configurator+.swift"; sourceTree = "<group>"; };
		6E68F97D2B90636A00A1C218 /* ChartViewController.swift */ = {isa = PBXFileReference; lastKnownFileType = sourcecode.swift; path = ChartViewController.swift; sourceTree = "<group>"; };
		6E68F97F2B90716B00A1C218 /* Int+.swift */ = {isa = PBXFileReference; lastKnownFileType = sourcecode.swift; path = "Int+.swift"; sourceTree = "<group>"; };
		6E68F9812B9074EF00A1C218 /* Double+.swift */ = {isa = PBXFileReference; lastKnownFileType = sourcecode.swift; path = "Double+.swift"; sourceTree = "<group>"; };
		6E68F9832B9099F200A1C218 /* ChartViewModel.swift */ = {isa = PBXFileReference; lastKnownFileType = sourcecode.swift; path = ChartViewModel.swift; sourceTree = "<group>"; };
		6E68F9862B9099FB00A1C218 /* ChartCoordinator.swift */ = {isa = PBXFileReference; lastKnownFileType = sourcecode.swift; path = ChartCoordinator.swift; sourceTree = "<group>"; };
		6E68F9882B90ACC500A1C218 /* ChartView.swift */ = {isa = PBXFileReference; lastKnownFileType = sourcecode.swift; path = ChartView.swift; sourceTree = "<group>"; };
		6E68F98D2B9217B200A1C218 /* README.md */ = {isa = PBXFileReference; lastKnownFileType = net.daringfireball.markdown; path = README.md; sourceTree = "<group>"; };
		6E68F98E2B9269EB00A1C218 /* TrendViewController.swift */ = {isa = PBXFileReference; lastKnownFileType = sourcecode.swift; path = TrendViewController.swift; sourceTree = "<group>"; };
		6E68F9902B92734200A1C218 /* TrendViewModel.swift */ = {isa = PBXFileReference; lastKnownFileType = sourcecode.swift; path = TrendViewModel.swift; sourceTree = "<group>"; };
		6E68F9942B92FE3200A1C218 /* NSCollectionLayoutSection.swift */ = {isa = PBXFileReference; lastKnownFileType = sourcecode.swift; path = NSCollectionLayoutSection.swift; sourceTree = "<group>"; };
		6E68F9962B9302C100A1C218 /* TrendCollectionHeaderView.swift */ = {isa = PBXFileReference; lastKnownFileType = sourcecode.swift; path = TrendCollectionHeaderView.swift; sourceTree = "<group>"; };
		6E68F99B2B936F1500A1C218 /* TrendInterestCoinCollectionCell.swift */ = {isa = PBXFileReference; lastKnownFileType = sourcecode.swift; path = TrendInterestCoinCollectionCell.swift; sourceTree = "<group>"; };
		6E68F99E2B94912900A1C218 /* Constant.swift */ = {isa = PBXFileReference; lastKnownFileType = sourcecode.swift; path = Constant.swift; sourceTree = "<group>"; };
		6E68F9A02B9494B200A1C218 /* TrendTopCollectionCell.swift */ = {isa = PBXFileReference; lastKnownFileType = sourcecode.swift; path = TrendTopCollectionCell.swift; sourceTree = "<group>"; };
		6EE8AF212B8DAAFF004162F3 /* KazCoin.app */ = {isa = PBXFileReference; explicitFileType = wrapper.application; includeInIndex = 0; path = KazCoin.app; sourceTree = BUILT_PRODUCTS_DIR; };
		6EE8AF242B8DAAFF004162F3 /* AppDelegate.swift */ = {isa = PBXFileReference; lastKnownFileType = sourcecode.swift; path = AppDelegate.swift; sourceTree = "<group>"; };
		6EE8AF262B8DAAFF004162F3 /* SceneDelegate.swift */ = {isa = PBXFileReference; lastKnownFileType = sourcecode.swift; path = SceneDelegate.swift; sourceTree = "<group>"; };
		6EE8AF2D2B8DAB01004162F3 /* Assets.xcassets */ = {isa = PBXFileReference; lastKnownFileType = folder.assetcatalog; path = Assets.xcassets; sourceTree = "<group>"; };
		6EE8AF302B8DAB01004162F3 /* Base */ = {isa = PBXFileReference; lastKnownFileType = file.storyboard; name = Base; path = Base.lproj/LaunchScreen.storyboard; sourceTree = "<group>"; };
		6EE8AF322B8DAB01004162F3 /* Info.plist */ = {isa = PBXFileReference; lastKnownFileType = text.plist.xml; path = Info.plist; sourceTree = "<group>"; };
/* End PBXFileReference section */

/* Begin PBXFrameworksBuildPhase section */
		6E4711CE2B8DB3EB00AF0AD8 /* Frameworks */ = {
			isa = PBXFrameworksBuildPhase;
			buildActionMask = 2147483647;
			files = (
			);
			runOnlyForDeploymentPostprocessing = 0;
		};
		6EE8AF1E2B8DAAFF004162F3 /* Frameworks */ = {
			isa = PBXFrameworksBuildPhase;
			buildActionMask = 2147483647;
			files = (
				6E68F98C2B90AD4300A1C218 /* DGCharts in Frameworks */,
				6E16E4FF2B8DF1D800C436CF /* Kingfisher in Frameworks */,
				6E16E4F22B8DF12200C436CF /* KazUtility in Frameworks */,
				6E16E4F92B8DF1B600C436CF /* SnapKit in Frameworks */,
				6E4711D72B8DB3EB00AF0AD8 /* CoinDesignSystem.framework in Frameworks */,
				6E16E5042B8E2B6B00C436CF /* KazAlamofire in Frameworks */,
				6E16E4FC2B8DF1C500C436CF /* Toast in Frameworks */,
				6E16E4F62B8DF1A500C436CF /* KazRealm in Frameworks */,
			);
			runOnlyForDeploymentPostprocessing = 0;
		};
/* End PBXFrameworksBuildPhase section */

/* Begin PBXGroup section */
		6E096CD12B90044600750309 /* Component */ = {
			isa = PBXGroup;
			children = (
				6E096CD22B90044E00750309 /* Label */,
			);
			path = Component;
			sourceTree = "<group>";
		};
		6E096CD22B90044E00750309 /* Label */ = {
			isa = PBXGroup;
			children = (
				6E096CD32B90045600750309 /* PaddingLabel.swift */,
			);
			path = Label;
			sourceTree = "<group>";
		};
		6E16E5022B8E2B6B00C436CF /* Frameworks */ = {
			isa = PBXGroup;
			children = (
			);
			name = Frameworks;
			sourceTree = "<group>";
		};
		6E16E5052B8E35CB00C436CF /* Repository */ = {
			isa = PBXGroup;
			children = (
				6E16E5092B8E363200C436CF /* LiveCoinRepository.swift */,
				6E16E50E2B8E3C1C00C436CF /* LiveTrendRepository.swift */,
				6E16E5602B8F43FE00C436CF /* LiveInterestRepository.swift */,
				6E096D032B903EDF00750309 /* FakeCoinRepository.swift */,
			);
			path = Repository;
			sourceTree = "<group>";
		};
		6E16E5062B8E35DC00C436CF /* Repository */ = {
			isa = PBXGroup;
			children = (
				6E16E5072B8E35F300C436CF /* CoinRepository.swift */,
				6E16E5102B8E3C8900C436CF /* TrendRepository.swift */,
				6E16E55E2B8F43B300C436CF /* InterestRepository.swift */,
			);
			path = Repository;
			sourceTree = "<group>";
		};
		6E16E50B2B8E370A00C436CF /* Extension */ = {
			isa = PBXGroup;
			children = (
				6E16E50C2B8E371100C436CF /* AFError+.swift */,
				6E16E52E2B8EB6EC00C436CF /* UINavigationController+.swift */,
				6E16E55C2B8F33F500C436CF /* RealmError+.swift */,
				6E68F97A2B9058F800A1C218 /* Configurator+.swift */,
				6E68F9942B92FE3200A1C218 /* NSCollectionLayoutSection.swift */,
			);
			path = Extension;
			sourceTree = "<group>";
		};
		6E16E5122B8E3E0100C436CF /* Domain */ = {
			isa = PBXGroup;
			children = (
				6E16E5062B8E35DC00C436CF /* Repository */,
			);
			path = Domain;
			sourceTree = "<group>";
		};
		6E16E5152B8E3F6A00C436CF /* MainTabBar */ = {
			isa = PBXGroup;
			children = (
				6E16E5162B8E3F9D00C436CF /* Coordinator */,
				6E16E51B2B8E41BD00C436CF /* Trend */,
				6E16E51C2B8E41C000C436CF /* Search */,
				6E16E51D2B8E41C800C436CF /* Portfolio */,
				6E16E51E2B8E41D200C436CF /* User */,
				6E68F97C2B9062DB00A1C218 /* Chart */,
			);
			path = MainTabBar;
			sourceTree = "<group>";
		};
		6E16E5162B8E3F9D00C436CF /* Coordinator */ = {
			isa = PBXGroup;
			children = (
				6E16E5172B8E3FA800C436CF /* MainTabBarCoordinator.swift */,
				6E16E5192B8E3FCD00C436CF /* MainTabBarPage.swift */,
			);
			path = Coordinator;
			sourceTree = "<group>";
		};
		6E16E51B2B8E41BD00C436CF /* Trend */ = {
			isa = PBXGroup;
			children = (
				6E16E51F2B8E41E400C436CF /* Coordinator */,
				6E68F98E2B9269EB00A1C218 /* TrendViewController.swift */,
				6E68F9902B92734200A1C218 /* TrendViewModel.swift */,
				6E68F9982B93676800A1C218 /* Reusable */,
			);
			path = Trend;
			sourceTree = "<group>";
		};
		6E16E51C2B8E41C000C436CF /* Search */ = {
			isa = PBXGroup;
			children = (
				6E16E5232B8E42E700C436CF /* Coordinator */,
				6E16E5302B8EBA6100C436CF /* SearchViewController.swift */,
				6E16E5322B8EBA7000C436CF /* SearchViewModel.swift */,
				6E16E5442B8ED8ED00C436CF /* SearchTableViewCell.swift */,
			);
			path = Search;
			sourceTree = "<group>";
		};
		6E16E51D2B8E41C800C436CF /* Portfolio */ = {
			isa = PBXGroup;
			children = (
				6E16E5262B8E42F900C436CF /* Coordinator */,
				6E16E56D2B8F5C2500C436CF /* PortfolioViewController.swift */,
				6E096CD52B9006D000750309 /* PortfolioViewModel.swift */,
				6E16E56F2B8F5CC000C436CF /* PortfolioCollectionViewCell.swift */,
			);
			path = Portfolio;
			sourceTree = "<group>";
		};
		6E16E51E2B8E41D200C436CF /* User */ = {
			isa = PBXGroup;
			children = (
				6E16E5292B8E432300C436CF /* Coordinator */,
				6E5590752B95028300774187 /* UserViewController.swift */,
				6E5590772B9502D600774187 /* UserViewModel.swift */,
			);
			path = User;
			sourceTree = "<group>";
		};
		6E16E51F2B8E41E400C436CF /* Coordinator */ = {
			isa = PBXGroup;
			children = (
				6E16E5212B8E429600C436CF /* TrendCoordinator.swift */,
			);
			path = Coordinator;
			sourceTree = "<group>";
		};
		6E16E5232B8E42E700C436CF /* Coordinator */ = {
			isa = PBXGroup;
			children = (
				6E16E5242B8E42EF00C436CF /* SearchCoordinator.swift */,
			);
			path = Coordinator;
			sourceTree = "<group>";
		};
		6E16E5262B8E42F900C436CF /* Coordinator */ = {
			isa = PBXGroup;
			children = (
				6E16E5272B8E430800C436CF /* PortfolioCoordinator.swift */,
			);
			path = Coordinator;
			sourceTree = "<group>";
		};
		6E16E5292B8E432300C436CF /* Coordinator */ = {
			isa = PBXGroup;
			children = (
				6E16E52A2B8E432D00C436CF /* UserCoordinator.swift */,
			);
			path = Coordinator;
			sourceTree = "<group>";
		};
		6E16E54C2B8EDE7A00C436CF /* Temp */ = {
			isa = PBXGroup;
			children = (
				6E16E56B2B8F5B0200C436CF /* String+.swift */,
				6E16E5712B8F601B00C436CF /* NumberFormatManager.swift */,
				6E68F97F2B90716B00A1C218 /* Int+.swift */,
				6E68F9812B9074EF00A1C218 /* Double+.swift */,
			);
			path = Temp;
			sourceTree = "<group>";
		};
		6E16E5552B8F247200C436CF /* Router */ = {
			isa = PBXGroup;
			children = (
				6E16E5562B8F24B700C436CF /* CoinRouter.swift */,
			);
			path = Router;
			sourceTree = "<group>";
		};
		6E16E5682B8F535E00C436CF /* Common */ = {
			isa = PBXGroup;
			children = (
				6E16E5692B8F536900C436CF /* CoinError.swift */,
			);
			path = Common;
			sourceTree = "<group>";
		};
		6E4711B72B8DB13C00AF0AD8 /* App */ = {
			isa = PBXGroup;
			children = (
				6EE8AF242B8DAAFF004162F3 /* AppDelegate.swift */,
				6EE8AF262B8DAAFF004162F3 /* SceneDelegate.swift */,
				6EE8AF2F2B8DAB01004162F3 /* LaunchScreen.storyboard */,
				6E16E5132B8E3E7900C436CF /* AppCoordinator.swift */,
			);
			path = App;
			sourceTree = "<group>";
		};
		6E4711B82B8DB13E00AF0AD8 /* Config */ = {
			isa = PBXGroup;
			children = (
				6EE8AF322B8DAB01004162F3 /* Info.plist */,
			);
			path = Config;
			sourceTree = "<group>";
		};
		6E4711B92B8DB13F00AF0AD8 /* Data */ = {
			isa = PBXGroup;
			children = (
				6E16E5552B8F247200C436CF /* Router */,
				6E16E5052B8E35CB00C436CF /* Repository */,
				6E4711E52B8DC96600AF0AD8 /* Model */,
			);
			path = Data;
			sourceTree = "<group>";
		};
		6E4711BA2B8DB14700AF0AD8 /* Presenter */ = {
			isa = PBXGroup;
			children = (
				6E16E5682B8F535E00C436CF /* Common */,
				6E16E5152B8E3F6A00C436CF /* MainTabBar */,
			);
			path = Presenter;
			sourceTree = "<group>";
		};
		6E4711BB2B8DB14A00AF0AD8 /* Resource */ = {
			isa = PBXGroup;
			children = (
				6EE8AF2D2B8DAB01004162F3 /* Assets.xcassets */,
				6E096D022B9020A400750309 /* MarketCoin.json */,
				6E68F9782B90520000A1C218 /* SearchCoin.json */,
			);
			path = Resource;
			sourceTree = "<group>";
		};
		6E4711BC2B8DB14D00AF0AD8 /* Utility */ = {
			isa = PBXGroup;
			children = (
				6E68F99D2B94910500A1C218 /* Constant */,
				6E16E54C2B8EDE7A00C436CF /* Temp */,
				6E16E50B2B8E370A00C436CF /* Extension */,
			);
			path = Utility;
			sourceTree = "<group>";
		};
		6E4711D22B8DB3EB00AF0AD8 /* CoinDesignSystem */ = {
			isa = PBXGroup;
			children = (
				6E4711D32B8DB3EB00AF0AD8 /* CoinDesignSystem.h */,
				6E4711E02B8DBC4F00AF0AD8 /* KazCoinAsset.swift */,
				6E096CD12B90044600750309 /* Component */,
				6E4711DD2B8DB3F300AF0AD8 /* Extension */,
			);
			path = CoinDesignSystem;
			sourceTree = "<group>";
		};
		6E4711DD2B8DB3F300AF0AD8 /* Extension */ = {
			isa = PBXGroup;
			children = (
				6E4711DE2B8DB3FC00AF0AD8 /* UIColor+.swift */,
			);
			path = Extension;
			sourceTree = "<group>";
		};
		6E4711E52B8DC96600AF0AD8 /* Model */ = {
			isa = PBXGroup;
			children = (
				6E4711ED2B8DDFF500AF0AD8 /* Realm */,
				6E4711EC2B8DDFF200AF0AD8 /* Entity */,
				6E4711EB2B8DDFF100AF0AD8 /* DTO */,
			);
			path = Model;
			sourceTree = "<group>";
		};
		6E4711EB2B8DDFF100AF0AD8 /* DTO */ = {
			isa = PBXGroup;
			children = (
				6E4711E92B8DDFE100AF0AD8 /* CoinDTO.swift */,
				6E16E5622B8F44D700C436CF /* NFTDTO.swift */,
				6E4711E72B8DCA1500AF0AD8 /* TrendDTO.swift */,
			);
			path = DTO;
			sourceTree = "<group>";
		};
		6E4711EC2B8DDFF200AF0AD8 /* Entity */ = {
			isa = PBXGroup;
			children = (
				6E16E5002B8DF35A00C436CF /* Coin.swift */,
				6E16E5642B8F44F200C436CF /* NFT.swift */,
				6E4711EE2B8DE87900AF0AD8 /* Trend.swift */,
			);
			path = Entity;
			sourceTree = "<group>";
		};
		6E4711ED2B8DDFF500AF0AD8 /* Realm */ = {
			isa = PBXGroup;
			children = (
				6E16E55A2B8F31CE00C436CF /* RealmCoin.swift */,
				6E16E5662B8F457B00C436CF /* CoinMapper.swift */,
			);
			path = Realm;
			sourceTree = "<group>";
		};
		6E68F97C2B9062DB00A1C218 /* Chart */ = {
			isa = PBXGroup;
			children = (
				6E68F9852B9099F400A1C218 /* Coordinator */,
				6E68F97D2B90636A00A1C218 /* ChartViewController.swift */,
				6E68F9882B90ACC500A1C218 /* ChartView.swift */,
				6E68F9832B9099F200A1C218 /* ChartViewModel.swift */,
			);
			path = Chart;
			sourceTree = "<group>";
		};
		6E68F9852B9099F400A1C218 /* Coordinator */ = {
			isa = PBXGroup;
			children = (
				6E68F9862B9099FB00A1C218 /* ChartCoordinator.swift */,
			);
			path = Coordinator;
			sourceTree = "<group>";
		};
		6E68F9982B93676800A1C218 /* Reusable */ = {
			isa = PBXGroup;
			children = (
				6E68F9962B9302C100A1C218 /* TrendCollectionHeaderView.swift */,
				6E68F99B2B936F1500A1C218 /* TrendInterestCoinCollectionCell.swift */,
				6E68F9A02B9494B200A1C218 /* TrendTopCollectionCell.swift */,
			);
			path = Reusable;
			sourceTree = "<group>";
		};
		6E68F99D2B94910500A1C218 /* Constant */ = {
			isa = PBXGroup;
			children = (
				6E68F99E2B94912900A1C218 /* Constant.swift */,
			);
			path = Constant;
			sourceTree = "<group>";
		};
		6EE8AF182B8DAAFF004162F3 = {
			isa = PBXGroup;
			children = (
				6E68F98D2B9217B200A1C218 /* README.md */,
				6EE8AF232B8DAAFF004162F3 /* KazCoin */,
				6E4711D22B8DB3EB00AF0AD8 /* CoinDesignSystem */,
				6EE8AF222B8DAAFF004162F3 /* Products */,
				6E16E5022B8E2B6B00C436CF /* Frameworks */,
			);
			sourceTree = "<group>";
		};
		6EE8AF222B8DAAFF004162F3 /* Products */ = {
			isa = PBXGroup;
			children = (
				6EE8AF212B8DAAFF004162F3 /* KazCoin.app */,
				6E4711D12B8DB3EB00AF0AD8 /* CoinDesignSystem.framework */,
			);
			name = Products;
			sourceTree = "<group>";
		};
		6EE8AF232B8DAAFF004162F3 /* KazCoin */ = {
			isa = PBXGroup;
			children = (
				6E4711B72B8DB13C00AF0AD8 /* App */,
				6E4711B82B8DB13E00AF0AD8 /* Config */,
				6E4711B92B8DB13F00AF0AD8 /* Data */,
				6E16E5122B8E3E0100C436CF /* Domain */,
				6E4711BA2B8DB14700AF0AD8 /* Presenter */,
				6E4711BB2B8DB14A00AF0AD8 /* Resource */,
				6E4711BC2B8DB14D00AF0AD8 /* Utility */,
			);
			path = KazCoin;
			sourceTree = "<group>";
		};
/* End PBXGroup section */

/* Begin PBXHeadersBuildPhase section */
		6E4711CC2B8DB3EB00AF0AD8 /* Headers */ = {
			isa = PBXHeadersBuildPhase;
			buildActionMask = 2147483647;
			files = (
				6E4711D42B8DB3EB00AF0AD8 /* CoinDesignSystem.h in Headers */,
			);
			runOnlyForDeploymentPostprocessing = 0;
		};
/* End PBXHeadersBuildPhase section */

/* Begin PBXNativeTarget section */
		6E4711D02B8DB3EB00AF0AD8 /* CoinDesignSystem */ = {
			isa = PBXNativeTarget;
			buildConfigurationList = 6E4711D92B8DB3EB00AF0AD8 /* Build configuration list for PBXNativeTarget "CoinDesignSystem" */;
			buildPhases = (
				6E4711CC2B8DB3EB00AF0AD8 /* Headers */,
				6E4711CD2B8DB3EB00AF0AD8 /* Sources */,
				6E4711CE2B8DB3EB00AF0AD8 /* Frameworks */,
				6E4711CF2B8DB3EB00AF0AD8 /* Resources */,
			);
			buildRules = (
			);
			dependencies = (
			);
			name = CoinDesignSystem;
			productName = CoinDesignSystem;
			productReference = 6E4711D12B8DB3EB00AF0AD8 /* CoinDesignSystem.framework */;
			productType = "com.apple.product-type.framework";
		};
		6EE8AF202B8DAAFF004162F3 /* KazCoin */ = {
			isa = PBXNativeTarget;
			buildConfigurationList = 6EE8AF352B8DAB01004162F3 /* Build configuration list for PBXNativeTarget "KazCoin" */;
			buildPhases = (
				6EE8AF1D2B8DAAFF004162F3 /* Sources */,
				6EE8AF1E2B8DAAFF004162F3 /* Frameworks */,
				6EE8AF1F2B8DAAFF004162F3 /* Resources */,
				6E4711DC2B8DB3EB00AF0AD8 /* Embed Frameworks */,
			);
			buildRules = (
			);
			dependencies = (
				6E4711D62B8DB3EB00AF0AD8 /* PBXTargetDependency */,
			);
			name = KazCoin;
			packageProductDependencies = (
				6E16E4F12B8DF12200C436CF /* KazUtility */,
				6E16E4F52B8DF1A500C436CF /* KazRealm */,
				6E16E4F82B8DF1B600C436CF /* SnapKit */,
				6E16E4FB2B8DF1C500C436CF /* Toast */,
				6E16E4FE2B8DF1D800C436CF /* Kingfisher */,
				6E16E5032B8E2B6B00C436CF /* KazAlamofire */,
				6E68F98B2B90AD4300A1C218 /* DGCharts */,
			);
			productName = KazCoin;
			productReference = 6EE8AF212B8DAAFF004162F3 /* KazCoin.app */;
			productType = "com.apple.product-type.application";
		};
/* End PBXNativeTarget section */

/* Begin PBXProject section */
		6EE8AF192B8DAAFF004162F3 /* Project object */ = {
			isa = PBXProject;
			attributes = {
				BuildIndependentTargetsInParallel = 1;
				LastSwiftUpdateCheck = 1520;
				LastUpgradeCheck = 1520;
				TargetAttributes = {
					6E4711D02B8DB3EB00AF0AD8 = {
						CreatedOnToolsVersion = 15.2;
						LastSwiftMigration = 1520;
					};
					6EE8AF202B8DAAFF004162F3 = {
						CreatedOnToolsVersion = 15.2;
					};
				};
			};
			buildConfigurationList = 6EE8AF1C2B8DAAFF004162F3 /* Build configuration list for PBXProject "KazCoin" */;
			compatibilityVersion = "Xcode 14.0";
			developmentRegion = en;
			hasScannedForEncodings = 0;
			knownRegions = (
				en,
				Base,
			);
			mainGroup = 6EE8AF182B8DAAFF004162F3;
			packageReferences = (
				6E16E4F02B8DF12200C436CF /* XCRemoteSwiftPackageReference "KazUtility" */,
				6E16E4F32B8DF13700C436CF /* XCRemoteSwiftPackageReference "KazAlamofire" */,
				6E16E4F42B8DF1A500C436CF /* XCRemoteSwiftPackageReference "KazRealm" */,
				6E16E4F72B8DF1B600C436CF /* XCRemoteSwiftPackageReference "SnapKit" */,
				6E16E4FA2B8DF1C500C436CF /* XCRemoteSwiftPackageReference "Toast-Swift" */,
				6E16E4FD2B8DF1D800C436CF /* XCRemoteSwiftPackageReference "Kingfisher" */,
				6E68F98A2B90AD4300A1C218 /* XCRemoteSwiftPackageReference "Charts" */,
			);
			productRefGroup = 6EE8AF222B8DAAFF004162F3 /* Products */;
			projectDirPath = "";
			projectRoot = "";
			targets = (
				6EE8AF202B8DAAFF004162F3 /* KazCoin */,
				6E4711D02B8DB3EB00AF0AD8 /* CoinDesignSystem */,
			);
		};
/* End PBXProject section */

/* Begin PBXResourcesBuildPhase section */
		6E4711CF2B8DB3EB00AF0AD8 /* Resources */ = {
			isa = PBXResourcesBuildPhase;
			buildActionMask = 2147483647;
			files = (
			);
			runOnlyForDeploymentPostprocessing = 0;
		};
		6EE8AF1F2B8DAAFF004162F3 /* Resources */ = {
			isa = PBXResourcesBuildPhase;
			buildActionMask = 2147483647;
			files = (
				6EE8AF312B8DAB01004162F3 /* LaunchScreen.storyboard in Resources */,
				6E096D052B9041A800750309 /* MarketCoin.json in Resources */,
				6E68F9792B90525500A1C218 /* SearchCoin.json in Resources */,
				6EE8AF2E2B8DAB01004162F3 /* Assets.xcassets in Resources */,
			);
			runOnlyForDeploymentPostprocessing = 0;
		};
/* End PBXResourcesBuildPhase section */

/* Begin PBXSourcesBuildPhase section */
		6E4711CD2B8DB3EB00AF0AD8 /* Sources */ = {
			isa = PBXSourcesBuildPhase;
			buildActionMask = 2147483647;
			files = (
				6E096CD42B90045600750309 /* PaddingLabel.swift in Sources */,
				6E4711E12B8DBC4F00AF0AD8 /* KazCoinAsset.swift in Sources */,
				6E4711DF2B8DB3FC00AF0AD8 /* UIColor+.swift in Sources */,
			);
			runOnlyForDeploymentPostprocessing = 0;
		};
		6EE8AF1D2B8DAAFF004162F3 /* Sources */ = {
			isa = PBXSourcesBuildPhase;
			buildActionMask = 2147483647;
			files = (
				6E16E5332B8EBA7000C436CF /* SearchViewModel.swift in Sources */,
				6E16E5082B8E35F300C436CF /* CoinRepository.swift in Sources */,
				6E16E5652B8F44F200C436CF /* NFT.swift in Sources */,
				6E16E52F2B8EB6EC00C436CF /* UINavigationController+.swift in Sources */,
				6E5590782B9502D600774187 /* UserViewModel.swift in Sources */,
				6E16E5112B8E3C8900C436CF /* TrendRepository.swift in Sources */,
				6E16E5722B8F601B00C436CF /* NumberFormatManager.swift in Sources */,
				6E16E5222B8E429600C436CF /* TrendCoordinator.swift in Sources */,
				6E16E5612B8F43FE00C436CF /* LiveInterestRepository.swift in Sources */,
				6E16E56C2B8F5B0200C436CF /* String+.swift in Sources */,
				6E16E5142B8E3E7900C436CF /* AppCoordinator.swift in Sources */,
				6E68F9952B92FE3200A1C218 /* NSCollectionLayoutSection.swift in Sources */,
				6E16E50A2B8E363200C436CF /* LiveCoinRepository.swift in Sources */,
				6E68F97B2B9058F800A1C218 /* Configurator+.swift in Sources */,
				6E68F9972B9302C100A1C218 /* TrendCollectionHeaderView.swift in Sources */,
				6E16E55D2B8F33F600C436CF /* RealmError+.swift in Sources */,
				6E16E5452B8ED8ED00C436CF /* SearchTableViewCell.swift in Sources */,
				6E16E51A2B8E3FCD00C436CF /* MainTabBarPage.swift in Sources */,
				6E16E50F2B8E3C1C00C436CF /* LiveTrendRepository.swift in Sources */,
				6E68F99C2B936F1500A1C218 /* TrendInterestCoinCollectionCell.swift in Sources */,
				6E68F9912B92734200A1C218 /* TrendViewModel.swift in Sources */,
				6E4711E82B8DCA1500AF0AD8 /* TrendDTO.swift in Sources */,
				6E4711EF2B8DE87900AF0AD8 /* Trend.swift in Sources */,
				6E16E50D2B8E371100C436CF /* AFError+.swift in Sources */,
				6E68F9A12B9494B200A1C218 /* TrendTopCollectionCell.swift in Sources */,
				6E16E5182B8E3FA800C436CF /* MainTabBarCoordinator.swift in Sources */,
				6E16E5632B8F44D700C436CF /* NFTDTO.swift in Sources */,
				6E68F9822B9074EF00A1C218 /* Double+.swift in Sources */,
				6E16E55B2B8F31CE00C436CF /* RealmCoin.swift in Sources */,
				6EE8AF252B8DAAFF004162F3 /* AppDelegate.swift in Sources */,
				6E16E5672B8F457B00C436CF /* CoinMapper.swift in Sources */,
				6E4711EA2B8DDFE100AF0AD8 /* CoinDTO.swift in Sources */,
				6E68F9842B9099F200A1C218 /* ChartViewModel.swift in Sources */,
				6E096D042B903EDF00750309 /* FakeCoinRepository.swift in Sources */,
				6E16E5702B8F5CC000C436CF /* PortfolioCollectionViewCell.swift in Sources */,
				6E16E5312B8EBA6100C436CF /* SearchViewController.swift in Sources */,
				6E68F99F2B94912900A1C218 /* Constant.swift in Sources */,
				6E68F9872B9099FB00A1C218 /* ChartCoordinator.swift in Sources */,
				6E68F97E2B90636A00A1C218 /* ChartViewController.swift in Sources */,
				6E16E52B2B8E432D00C436CF /* UserCoordinator.swift in Sources */,
				6EE8AF272B8DAAFF004162F3 /* SceneDelegate.swift in Sources */,
				6E16E5252B8E42EF00C436CF /* SearchCoordinator.swift in Sources */,
				6E5590762B95028300774187 /* UserViewController.swift in Sources */,
				6E68F9892B90ACC500A1C218 /* ChartView.swift in Sources */,
				6E16E5572B8F24B700C436CF /* CoinRouter.swift in Sources */,
				6E68F98F2B9269EB00A1C218 /* TrendViewController.swift in Sources */,
				6E16E5012B8DF35A00C436CF /* Coin.swift in Sources */,
				6E16E56A2B8F536900C436CF /* CoinError.swift in Sources */,
				6E096CD62B9006D000750309 /* PortfolioViewModel.swift in Sources */,
				6E16E5282B8E430800C436CF /* PortfolioCoordinator.swift in Sources */,
				6E68F9802B90716B00A1C218 /* Int+.swift in Sources */,
				6E16E55F2B8F43B300C436CF /* InterestRepository.swift in Sources */,
				6E16E56E2B8F5C2500C436CF /* PortfolioViewController.swift in Sources */,
			);
			runOnlyForDeploymentPostprocessing = 0;
		};
/* End PBXSourcesBuildPhase section */

/* Begin PBXTargetDependency section */
		6E4711D62B8DB3EB00AF0AD8 /* PBXTargetDependency */ = {
			isa = PBXTargetDependency;
			target = 6E4711D02B8DB3EB00AF0AD8 /* CoinDesignSystem */;
			targetProxy = 6E4711D52B8DB3EB00AF0AD8 /* PBXContainerItemProxy */;
		};
/* End PBXTargetDependency section */

/* Begin PBXVariantGroup section */
		6EE8AF2F2B8DAB01004162F3 /* LaunchScreen.storyboard */ = {
			isa = PBXVariantGroup;
			children = (
				6EE8AF302B8DAB01004162F3 /* Base */,
			);
			name = LaunchScreen.storyboard;
			sourceTree = "<group>";
		};
/* End PBXVariantGroup section */

/* Begin XCBuildConfiguration section */
		6E4711DA2B8DB3EB00AF0AD8 /* Debug */ = {
			isa = XCBuildConfiguration;
			buildSettings = {
				CLANG_ENABLE_MODULES = YES;
				CODE_SIGN_STYLE = Automatic;
				CURRENT_PROJECT_VERSION = 1;
				DEFINES_MODULE = YES;
				DEVELOPMENT_TEAM = 75QZ7682T2;
				DYLIB_COMPATIBILITY_VERSION = 1;
				DYLIB_CURRENT_VERSION = 1;
				DYLIB_INSTALL_NAME_BASE = "@rpath";
				ENABLE_MODULE_VERIFIER = YES;
				GENERATE_INFOPLIST_FILE = YES;
				INFOPLIST_KEY_NSHumanReadableCopyright = "";
				INSTALL_PATH = "$(LOCAL_LIBRARY_DIR)/Frameworks";
				IPHONEOS_DEPLOYMENT_TARGET = 15.0;
				LD_RUNPATH_SEARCH_PATHS = (
					"$(inherited)",
					"@executable_path/Frameworks",
					"@loader_path/Frameworks",
				);
				MARKETING_VERSION = 1.0;
				MODULE_VERIFIER_SUPPORTED_LANGUAGES = "objective-c objective-c++";
				MODULE_VERIFIER_SUPPORTED_LANGUAGE_STANDARDS = "gnu17 gnu++20";
				PRODUCT_BUNDLE_IDENTIFIER = com.Kaz.CoinDesignSystem;
				PRODUCT_NAME = "$(TARGET_NAME:c99extidentifier)";
				SKIP_INSTALL = YES;
				SWIFT_EMIT_LOC_STRINGS = YES;
				SWIFT_OPTIMIZATION_LEVEL = "-Onone";
				SWIFT_VERSION = 5.0;
				TARGETED_DEVICE_FAMILY = "1,2";
				VERSIONING_SYSTEM = "apple-generic";
				VERSION_INFO_PREFIX = "";
			};
			name = Debug;
		};
		6E4711DB2B8DB3EB00AF0AD8 /* Release */ = {
			isa = XCBuildConfiguration;
			buildSettings = {
				CLANG_ENABLE_MODULES = YES;
				CODE_SIGN_STYLE = Automatic;
				CURRENT_PROJECT_VERSION = 1;
				DEFINES_MODULE = YES;
				DEVELOPMENT_TEAM = 75QZ7682T2;
				DYLIB_COMPATIBILITY_VERSION = 1;
				DYLIB_CURRENT_VERSION = 1;
				DYLIB_INSTALL_NAME_BASE = "@rpath";
				ENABLE_MODULE_VERIFIER = YES;
				GENERATE_INFOPLIST_FILE = YES;
				INFOPLIST_KEY_NSHumanReadableCopyright = "";
				INSTALL_PATH = "$(LOCAL_LIBRARY_DIR)/Frameworks";
				IPHONEOS_DEPLOYMENT_TARGET = 15.0;
				LD_RUNPATH_SEARCH_PATHS = (
					"$(inherited)",
					"@executable_path/Frameworks",
					"@loader_path/Frameworks",
				);
				MARKETING_VERSION = 1.0;
				MODULE_VERIFIER_SUPPORTED_LANGUAGES = "objective-c objective-c++";
				MODULE_VERIFIER_SUPPORTED_LANGUAGE_STANDARDS = "gnu17 gnu++20";
				PRODUCT_BUNDLE_IDENTIFIER = com.Kaz.CoinDesignSystem;
				PRODUCT_NAME = "$(TARGET_NAME:c99extidentifier)";
				SKIP_INSTALL = YES;
				SWIFT_EMIT_LOC_STRINGS = YES;
				SWIFT_VERSION = 5.0;
				TARGETED_DEVICE_FAMILY = "1,2";
				VERSIONING_SYSTEM = "apple-generic";
				VERSION_INFO_PREFIX = "";
			};
			name = Release;
		};
		6EE8AF332B8DAB01004162F3 /* Debug */ = {
			isa = XCBuildConfiguration;
			buildSettings = {
				ALWAYS_SEARCH_USER_PATHS = NO;
				ASSETCATALOG_COMPILER_GENERATE_SWIFT_ASSET_SYMBOL_EXTENSIONS = YES;
				CLANG_ANALYZER_NONNULL = YES;
				CLANG_ANALYZER_NUMBER_OBJECT_CONVERSION = YES_AGGRESSIVE;
				CLANG_CXX_LANGUAGE_STANDARD = "gnu++20";
				CLANG_ENABLE_MODULES = YES;
				CLANG_ENABLE_OBJC_ARC = YES;
				CLANG_ENABLE_OBJC_WEAK = YES;
				CLANG_WARN_BLOCK_CAPTURE_AUTORELEASING = YES;
				CLANG_WARN_BOOL_CONVERSION = YES;
				CLANG_WARN_COMMA = YES;
				CLANG_WARN_CONSTANT_CONVERSION = YES;
				CLANG_WARN_DEPRECATED_OBJC_IMPLEMENTATIONS = YES;
				CLANG_WARN_DIRECT_OBJC_ISA_USAGE = YES_ERROR;
				CLANG_WARN_DOCUMENTATION_COMMENTS = YES;
				CLANG_WARN_EMPTY_BODY = YES;
				CLANG_WARN_ENUM_CONVERSION = YES;
				CLANG_WARN_INFINITE_RECURSION = YES;
				CLANG_WARN_INT_CONVERSION = YES;
				CLANG_WARN_NON_LITERAL_NULL_CONVERSION = YES;
				CLANG_WARN_OBJC_IMPLICIT_RETAIN_SELF = YES;
				CLANG_WARN_OBJC_LITERAL_CONVERSION = YES;
				CLANG_WARN_OBJC_ROOT_CLASS = YES_ERROR;
				CLANG_WARN_QUOTED_INCLUDE_IN_FRAMEWORK_HEADER = YES;
				CLANG_WARN_RANGE_LOOP_ANALYSIS = YES;
				CLANG_WARN_STRICT_PROTOTYPES = YES;
				CLANG_WARN_SUSPICIOUS_MOVE = YES;
				CLANG_WARN_UNGUARDED_AVAILABILITY = YES_AGGRESSIVE;
				CLANG_WARN_UNREACHABLE_CODE = YES;
				CLANG_WARN__DUPLICATE_METHOD_MATCH = YES;
				COPY_PHASE_STRIP = NO;
				DEBUG_INFORMATION_FORMAT = dwarf;
				ENABLE_STRICT_OBJC_MSGSEND = YES;
				ENABLE_TESTABILITY = YES;
				ENABLE_USER_SCRIPT_SANDBOXING = YES;
				GCC_C_LANGUAGE_STANDARD = gnu17;
				GCC_DYNAMIC_NO_PIC = NO;
				GCC_NO_COMMON_BLOCKS = YES;
				GCC_OPTIMIZATION_LEVEL = 0;
				GCC_PREPROCESSOR_DEFINITIONS = (
					"DEBUG=1",
					"$(inherited)",
				);
				GCC_WARN_64_TO_32_BIT_CONVERSION = YES;
				GCC_WARN_ABOUT_RETURN_TYPE = YES_ERROR;
				GCC_WARN_UNDECLARED_SELECTOR = YES;
				GCC_WARN_UNINITIALIZED_AUTOS = YES_AGGRESSIVE;
				GCC_WARN_UNUSED_FUNCTION = YES;
				GCC_WARN_UNUSED_VARIABLE = YES;
				IPHONEOS_DEPLOYMENT_TARGET = 17.2;
				LOCALIZATION_PREFERS_STRING_CATALOGS = YES;
				MTL_ENABLE_DEBUG_INFO = INCLUDE_SOURCE;
				MTL_FAST_MATH = YES;
				ONLY_ACTIVE_ARCH = YES;
				SDKROOT = iphoneos;
				SWIFT_ACTIVE_COMPILATION_CONDITIONS = "DEBUG $(inherited)";
				SWIFT_OPTIMIZATION_LEVEL = "-Onone";
			};
			name = Debug;
		};
		6EE8AF342B8DAB01004162F3 /* Release */ = {
			isa = XCBuildConfiguration;
			buildSettings = {
				ALWAYS_SEARCH_USER_PATHS = NO;
				ASSETCATALOG_COMPILER_GENERATE_SWIFT_ASSET_SYMBOL_EXTENSIONS = YES;
				CLANG_ANALYZER_NONNULL = YES;
				CLANG_ANALYZER_NUMBER_OBJECT_CONVERSION = YES_AGGRESSIVE;
				CLANG_CXX_LANGUAGE_STANDARD = "gnu++20";
				CLANG_ENABLE_MODULES = YES;
				CLANG_ENABLE_OBJC_ARC = YES;
				CLANG_ENABLE_OBJC_WEAK = YES;
				CLANG_WARN_BLOCK_CAPTURE_AUTORELEASING = YES;
				CLANG_WARN_BOOL_CONVERSION = YES;
				CLANG_WARN_COMMA = YES;
				CLANG_WARN_CONSTANT_CONVERSION = YES;
				CLANG_WARN_DEPRECATED_OBJC_IMPLEMENTATIONS = YES;
				CLANG_WARN_DIRECT_OBJC_ISA_USAGE = YES_ERROR;
				CLANG_WARN_DOCUMENTATION_COMMENTS = YES;
				CLANG_WARN_EMPTY_BODY = YES;
				CLANG_WARN_ENUM_CONVERSION = YES;
				CLANG_WARN_INFINITE_RECURSION = YES;
				CLANG_WARN_INT_CONVERSION = YES;
				CLANG_WARN_NON_LITERAL_NULL_CONVERSION = YES;
				CLANG_WARN_OBJC_IMPLICIT_RETAIN_SELF = YES;
				CLANG_WARN_OBJC_LITERAL_CONVERSION = YES;
				CLANG_WARN_OBJC_ROOT_CLASS = YES_ERROR;
				CLANG_WARN_QUOTED_INCLUDE_IN_FRAMEWORK_HEADER = YES;
				CLANG_WARN_RANGE_LOOP_ANALYSIS = YES;
				CLANG_WARN_STRICT_PROTOTYPES = YES;
				CLANG_WARN_SUSPICIOUS_MOVE = YES;
				CLANG_WARN_UNGUARDED_AVAILABILITY = YES_AGGRESSIVE;
				CLANG_WARN_UNREACHABLE_CODE = YES;
				CLANG_WARN__DUPLICATE_METHOD_MATCH = YES;
				COPY_PHASE_STRIP = NO;
				DEBUG_INFORMATION_FORMAT = "dwarf-with-dsym";
				ENABLE_NS_ASSERTIONS = NO;
				ENABLE_STRICT_OBJC_MSGSEND = YES;
				ENABLE_USER_SCRIPT_SANDBOXING = YES;
				GCC_C_LANGUAGE_STANDARD = gnu17;
				GCC_NO_COMMON_BLOCKS = YES;
				GCC_WARN_64_TO_32_BIT_CONVERSION = YES;
				GCC_WARN_ABOUT_RETURN_TYPE = YES_ERROR;
				GCC_WARN_UNDECLARED_SELECTOR = YES;
				GCC_WARN_UNINITIALIZED_AUTOS = YES_AGGRESSIVE;
				GCC_WARN_UNUSED_FUNCTION = YES;
				GCC_WARN_UNUSED_VARIABLE = YES;
				IPHONEOS_DEPLOYMENT_TARGET = 17.2;
				LOCALIZATION_PREFERS_STRING_CATALOGS = YES;
				MTL_ENABLE_DEBUG_INFO = NO;
				MTL_FAST_MATH = YES;
				SDKROOT = iphoneos;
				SWIFT_COMPILATION_MODE = wholemodule;
				VALIDATE_PRODUCT = YES;
			};
			name = Release;
		};
		6EE8AF362B8DAB01004162F3 /* Debug */ = {
			isa = XCBuildConfiguration;
			buildSettings = {
				ALWAYS_EMBED_SWIFT_STANDARD_LIBRARIES = YES;
				ASSETCATALOG_COMPILER_APPICON_NAME = AppIcon;
				ASSETCATALOG_COMPILER_GLOBAL_ACCENT_COLOR_NAME = AccentColor;
				CODE_SIGN_STYLE = Automatic;
				CURRENT_PROJECT_VERSION = 1;
				DEVELOPMENT_TEAM = 75QZ7682T2;
				GENERATE_INFOPLIST_FILE = YES;
				INFOPLIST_FILE = KazCoin/Config/Info.plist;
				INFOPLIST_KEY_CFBundleDisplayName = WonTaeYoung;
				INFOPLIST_KEY_UIApplicationSupportsIndirectInputEvents = YES;
				INFOPLIST_KEY_UILaunchStoryboardName = LaunchScreen;
				INFOPLIST_KEY_UISupportedInterfaceOrientations = UIInterfaceOrientationPortrait;
				IPHONEOS_DEPLOYMENT_TARGET = 15.0;
				LD_RUNPATH_SEARCH_PATHS = (
					"$(inherited)",
					"@executable_path/Frameworks",
				);
				MARKETING_VERSION = 1.0;
				PRODUCT_BUNDLE_IDENTIFIER = com.Kaz.KazCoin;
				PRODUCT_NAME = "$(TARGET_NAME)";
				SWIFT_EMIT_LOC_STRINGS = YES;
				SWIFT_VERSION = 5.0;
				TARGETED_DEVICE_FAMILY = "1,2";
			};
			name = Debug;
		};
		6EE8AF372B8DAB01004162F3 /* Release */ = {
			isa = XCBuildConfiguration;
			buildSettings = {
				ALWAYS_EMBED_SWIFT_STANDARD_LIBRARIES = YES;
				ASSETCATALOG_COMPILER_APPICON_NAME = AppIcon;
				ASSETCATALOG_COMPILER_GLOBAL_ACCENT_COLOR_NAME = AccentColor;
				CODE_SIGN_STYLE = Automatic;
				CURRENT_PROJECT_VERSION = 1;
				DEVELOPMENT_TEAM = 75QZ7682T2;
				GENERATE_INFOPLIST_FILE = YES;
				INFOPLIST_FILE = KazCoin/Config/Info.plist;
				INFOPLIST_KEY_CFBundleDisplayName = WonTaeYoung;
				INFOPLIST_KEY_UIApplicationSupportsIndirectInputEvents = YES;
				INFOPLIST_KEY_UILaunchStoryboardName = LaunchScreen;
				INFOPLIST_KEY_UISupportedInterfaceOrientations = UIInterfaceOrientationPortrait;
				IPHONEOS_DEPLOYMENT_TARGET = 15.0;
				LD_RUNPATH_SEARCH_PATHS = (
					"$(inherited)",
					"@executable_path/Frameworks",
				);
				MARKETING_VERSION = 1.0;
				PRODUCT_BUNDLE_IDENTIFIER = com.Kaz.KazCoin;
				PRODUCT_NAME = "$(TARGET_NAME)";
				SWIFT_EMIT_LOC_STRINGS = YES;
				SWIFT_VERSION = 5.0;
				TARGETED_DEVICE_FAMILY = "1,2";
			};
			name = Release;
		};
/* End XCBuildConfiguration section */

/* Begin XCConfigurationList section */
		6E4711D92B8DB3EB00AF0AD8 /* Build configuration list for PBXNativeTarget "CoinDesignSystem" */ = {
			isa = XCConfigurationList;
			buildConfigurations = (
				6E4711DA2B8DB3EB00AF0AD8 /* Debug */,
				6E4711DB2B8DB3EB00AF0AD8 /* Release */,
			);
			defaultConfigurationIsVisible = 0;
			defaultConfigurationName = Release;
		};
		6EE8AF1C2B8DAAFF004162F3 /* Build configuration list for PBXProject "KazCoin" */ = {
			isa = XCConfigurationList;
			buildConfigurations = (
				6EE8AF332B8DAB01004162F3 /* Debug */,
				6EE8AF342B8DAB01004162F3 /* Release */,
			);
			defaultConfigurationIsVisible = 0;
			defaultConfigurationName = Release;
		};
		6EE8AF352B8DAB01004162F3 /* Build configuration list for PBXNativeTarget "KazCoin" */ = {
			isa = XCConfigurationList;
			buildConfigurations = (
				6EE8AF362B8DAB01004162F3 /* Debug */,
				6EE8AF372B8DAB01004162F3 /* Release */,
			);
			defaultConfigurationIsVisible = 0;
			defaultConfigurationName = Release;
		};
/* End XCConfigurationList section */

/* Begin XCRemoteSwiftPackageReference section */
		6E16E4F02B8DF12200C436CF /* XCRemoteSwiftPackageReference "KazUtility" */ = {
			isa = XCRemoteSwiftPackageReference;
			repositoryURL = "https://github.com/wontaeyoung/KazUtility";
			requirement = {
				kind = upToNextMajorVersion;
				minimumVersion = 1.3.0;
			};
		};
		6E16E4F32B8DF13700C436CF /* XCRemoteSwiftPackageReference "KazAlamofire" */ = {
			isa = XCRemoteSwiftPackageReference;
			repositoryURL = "https://github.com/wontaeyoung/KazAlamofire";
			requirement = {
				kind = upToNextMajorVersion;
				minimumVersion = 1.0.0;
			};
		};
		6E16E4F42B8DF1A500C436CF /* XCRemoteSwiftPackageReference "KazRealm" */ = {
			isa = XCRemoteSwiftPackageReference;
			repositoryURL = "https://github.com/wontaeyoung/KazRealm";
			requirement = {
				kind = upToNextMajorVersion;
				minimumVersion = 1.0.2;
			};
		};
		6E16E4F72B8DF1B600C436CF /* XCRemoteSwiftPackageReference "SnapKit" */ = {
			isa = XCRemoteSwiftPackageReference;
			repositoryURL = "https://github.com/SnapKit/SnapKit";
			requirement = {
				kind = upToNextMajorVersion;
				minimumVersion = 5.7.1;
			};
		};
		6E16E4FA2B8DF1C500C436CF /* XCRemoteSwiftPackageReference "Toast-Swift" */ = {
			isa = XCRemoteSwiftPackageReference;
			repositoryURL = "https://github.com/scalessec/Toast-Swift";
			requirement = {
				kind = upToNextMajorVersion;
				minimumVersion = 5.1.0;
			};
		};
		6E16E4FD2B8DF1D800C436CF /* XCRemoteSwiftPackageReference "Kingfisher" */ = {
			isa = XCRemoteSwiftPackageReference;
			repositoryURL = "https://github.com/onevcat/Kingfisher";
			requirement = {
				kind = upToNextMajorVersion;
				minimumVersion = 7.11.0;
			};
		};
		6E68F98A2B90AD4300A1C218 /* XCRemoteSwiftPackageReference "Charts" */ = {
			isa = XCRemoteSwiftPackageReference;
			repositoryURL = "https://github.com/danielgindi/Charts";
			requirement = {
				kind = upToNextMajorVersion;
				minimumVersion = 5.1.0;
			};
		};
/* End XCRemoteSwiftPackageReference section */

/* Begin XCSwiftPackageProductDependency section */
		6E16E4F12B8DF12200C436CF /* KazUtility */ = {
			isa = XCSwiftPackageProductDependency;
			package = 6E16E4F02B8DF12200C436CF /* XCRemoteSwiftPackageReference "KazUtility" */;
			productName = KazUtility;
		};
		6E16E4F52B8DF1A500C436CF /* KazRealm */ = {
			isa = XCSwiftPackageProductDependency;
			package = 6E16E4F42B8DF1A500C436CF /* XCRemoteSwiftPackageReference "KazRealm" */;
			productName = KazRealm;
		};
		6E16E4F82B8DF1B600C436CF /* SnapKit */ = {
			isa = XCSwiftPackageProductDependency;
			package = 6E16E4F72B8DF1B600C436CF /* XCRemoteSwiftPackageReference "SnapKit" */;
			productName = SnapKit;
		};
		6E16E4FB2B8DF1C500C436CF /* Toast */ = {
			isa = XCSwiftPackageProductDependency;
			package = 6E16E4FA2B8DF1C500C436CF /* XCRemoteSwiftPackageReference "Toast-Swift" */;
			productName = Toast;
		};
		6E16E4FE2B8DF1D800C436CF /* Kingfisher */ = {
			isa = XCSwiftPackageProductDependency;
			package = 6E16E4FD2B8DF1D800C436CF /* XCRemoteSwiftPackageReference "Kingfisher" */;
			productName = Kingfisher;
		};
		6E16E5032B8E2B6B00C436CF /* KazAlamofire */ = {
			isa = XCSwiftPackageProductDependency;
			package = 6E16E4F32B8DF13700C436CF /* XCRemoteSwiftPackageReference "KazAlamofire" */;
			productName = KazAlamofire;
		};
		6E68F98B2B90AD4300A1C218 /* DGCharts */ = {
			isa = XCSwiftPackageProductDependency;
			package = 6E68F98A2B90AD4300A1C218 /* XCRemoteSwiftPackageReference "Charts" */;
			productName = DGCharts;
		};
/* End XCSwiftPackageProductDependency section */
	};
	rootObject = 6EE8AF192B8DAAFF004162F3 /* Project object */;
}
